// !$*UTF8*$!
{
	archiveVersion = 1;
	classes = {
	};
	objectVersion = 56;
	objects = {

/* Begin PBXBuildFile section */
		C89A312D29EEF09300EAAB70 /* AppDelegate.swift in Sources */ = {isa = PBXBuildFile; fileRef = C89A312C29EEF09300EAAB70 /* AppDelegate.swift */; };
		C89A312F29EEF09300EAAB70 /* SceneDelegate.swift in Sources */ = {isa = PBXBuildFile; fileRef = C89A312E29EEF09300EAAB70 /* SceneDelegate.swift */; };
		C89A313129EEF09300EAAB70 /* ViewController.swift in Sources */ = {isa = PBXBuildFile; fileRef = C89A313029EEF09300EAAB70 /* ViewController.swift */; };
		C89A313429EEF09300EAAB70 /* Main.storyboard in Resources */ = {isa = PBXBuildFile; fileRef = C89A313229EEF09300EAAB70 /* Main.storyboard */; };
		C89A313629EEF09400EAAB70 /* Assets.xcassets in Resources */ = {isa = PBXBuildFile; fileRef = C89A313529EEF09400EAAB70 /* Assets.xcassets */; };
		C89A313929EEF09400EAAB70 /* LaunchScreen.storyboard in Resources */ = {isa = PBXBuildFile; fileRef = C89A313729EEF09400EAAB70 /* LaunchScreen.storyboard */; };
		C89A314429EEF09400EAAB70 /* Homework_5Tests.swift in Sources */ = {isa = PBXBuildFile; fileRef = C89A314329EEF09400EAAB70 /* Homework_5Tests.swift */; };
		C89A314E29EEF09400EAAB70 /* Homework_5UITests.swift in Sources */ = {isa = PBXBuildFile; fileRef = C89A314D29EEF09400EAAB70 /* Homework_5UITests.swift */; };
		C89A315029EEF09400EAAB70 /* Homework_5UITestsLaunchTests.swift in Sources */ = {isa = PBXBuildFile; fileRef = C89A314F29EEF09400EAAB70 /* Homework_5UITestsLaunchTests.swift */; };
/* End PBXBuildFile section */

/* Begin PBXContainerItemProxy section */
		C89A314029EEF09400EAAB70 /* PBXContainerItemProxy */ = {
			isa = PBXContainerItemProxy;
			containerPortal = C89A312129EEF09300EAAB70 /* Project object */;
			proxyType = 1;
			remoteGlobalIDString = C89A312829EEF09300EAAB70;
			remoteInfo = "Homework 5";
		};
		C89A314A29EEF09400EAAB70 /* PBXContainerItemProxy */ = {
			isa = PBXContainerItemProxy;
			containerPortal = C89A312129EEF09300EAAB70 /* Project object */;
			proxyType = 1;
			remoteGlobalIDString = C89A312829EEF09300EAAB70;
			remoteInfo = "Homework 5";
		};
/* End PBXContainerItemProxy section */

/* Begin PBXFileReference section */
		C89A312929EEF09300EAAB70 /* Homework 5.app */ = {isa = PBXFileReference; explicitFileType = wrapper.application; includeInIndex = 0; path = "Homework 5.app"; sourceTree = BUILT_PRODUCTS_DIR; };
		C89A312C29EEF09300EAAB70 /* AppDelegate.swift */ = {isa = PBXFileReference; lastKnownFileType = sourcecode.swift; path = AppDelegate.swift; sourceTree = "<group>"; };
		C89A312E29EEF09300EAAB70 /* SceneDelegate.swift */ = {isa = PBXFileReference; lastKnownFileType = sourcecode.swift; path = SceneDelegate.swift; sourceTree = "<group>"; };
		C89A313029EEF09300EAAB70 /* ViewController.swift */ = {isa = PBXFileReference; lastKnownFileType = sourcecode.swift; path = ViewController.swift; sourceTree = "<group>"; };
		C89A313329EEF09300EAAB70 /* Base */ = {isa = PBXFileReference; lastKnownFileType = file.storyboard; name = Base; path = Base.lproj/Main.storyboard; sourceTree = "<group>"; };
		C89A313529EEF09400EAAB70 /* Assets.xcassets */ = {isa = PBXFileReference; lastKnownFileType = folder.assetcatalog; path = Assets.xcassets; sourceTree = "<group>"; };
		C89A313829EEF09400EAAB70 /* Base */ = {isa = PBXFileReference; lastKnownFileType = file.storyboard; name = Base; path = Base.lproj/LaunchScreen.storyboard; sourceTree = "<group>"; };
		C89A313A29EEF09400EAAB70 /* Info.plist */ = {isa = PBXFileReference; lastKnownFileType = text.plist.xml; path = Info.plist; sourceTree = "<group>"; };
		C89A313F29EEF09400EAAB70 /* Homework 5Tests.xctest */ = {isa = PBXFileReference; explicitFileType = wrapper.cfbundle; includeInIndex = 0; path = "Homework 5Tests.xctest"; sourceTree = BUILT_PRODUCTS_DIR; };
		C89A314329EEF09400EAAB70 /* Homework_5Tests.swift */ = {isa = PBXFileReference; lastKnownFileType = sourcecode.swift; path = Homework_5Tests.swift; sourceTree = "<group>"; };
		C89A314929EEF09400EAAB70 /* Homework 5UITests.xctest */ = {isa = PBXFileReference; explicitFileType = wrapper.cfbundle; includeInIndex = 0; path = "Homework 5UITests.xctest"; sourceTree = BUILT_PRODUCTS_DIR; };
		C89A314D29EEF09400EAAB70 /* Homework_5UITests.swift */ = {isa = PBXFileReference; lastKnownFileType = sourcecode.swift; path = Homework_5UITests.swift; sourceTree = "<group>"; };
		C89A314F29EEF09400EAAB70 /* Homework_5UITestsLaunchTests.swift */ = {isa = PBXFileReference; lastKnownFileType = sourcecode.swift; path = Homework_5UITestsLaunchTests.swift; sourceTree = "<group>"; };
/* End PBXFileReference section */

/* Begin PBXFrameworksBuildPhase section */
		C89A312629EEF09300EAAB70 /* Frameworks */ = {
			isa = PBXFrameworksBuildPhase;
			buildActionMask = 2147483647;
			files = (
			);
			runOnlyForDeploymentPostprocessing = 0;
		};
		C89A313C29EEF09400EAAB70 /* Frameworks */ = {
			isa = PBXFrameworksBuildPhase;
			buildActionMask = 2147483647;
			files = (
			);
			runOnlyForDeploymentPostprocessing = 0;
		};
		C89A314629EEF09400EAAB70 /* Frameworks */ = {
			isa = PBXFrameworksBuildPhase;
			buildActionMask = 2147483647;
			files = (
			);
			runOnlyForDeploymentPostprocessing = 0;
		};
/* End PBXFrameworksBuildPhase section */

/* Begin PBXGroup section */
		C89A312029EEF09300EAAB70 = {
			isa = PBXGroup;
			children = (
				C89A312B29EEF09300EAAB70 /* Homework 5 */,
				C89A314229EEF09400EAAB70 /* Homework 5Tests */,
				C89A314C29EEF09400EAAB70 /* Homework 5UITests */,
				C89A312A29EEF09300EAAB70 /* Products */,
			);
			sourceTree = "<group>";
		};
		C89A312A29EEF09300EAAB70 /* Products */ = {
			isa = PBXGroup;
			children = (
				C89A312929EEF09300EAAB70 /* Homework 5.app */,
				C89A313F29EEF09400EAAB70 /* Homework 5Tests.xctest */,
				C89A314929EEF09400EAAB70 /* Homework 5UITests.xctest */,
			);
			name = Products;
			sourceTree = "<group>";
		};
		C89A312B29EEF09300EAAB70 /* Homework 5 */ = {
			isa = PBXGroup;
			children = (
				C89A312C29EEF09300EAAB70 /* AppDelegate.swift */,
				C89A312E29EEF09300EAAB70 /* SceneDelegate.swift */,
				C89A313029EEF09300EAAB70 /* ViewController.swift */,
				C89A313229EEF09300EAAB70 /* Main.storyboard */,
				C89A313529EEF09400EAAB70 /* Assets.xcassets */,
				C89A313729EEF09400EAAB70 /* LaunchScreen.storyboard */,
				C89A313A29EEF09400EAAB70 /* Info.plist */,
			);
			path = "Homework 5";
			sourceTree = "<group>";
		};
		C89A314229EEF09400EAAB70 /* Homework 5Tests */ = {
			isa = PBXGroup;
			children = (
				C89A314329EEF09400EAAB70 /* Homework_5Tests.swift */,
			);
			path = "Homework 5Tests";
			sourceTree = "<group>";
		};
		C89A314C29EEF09400EAAB70 /* Homework 5UITests */ = {
			isa = PBXGroup;
			children = (
				C89A314D29EEF09400EAAB70 /* Homework_5UITests.swift */,
				C89A314F29EEF09400EAAB70 /* Homework_5UITestsLaunchTests.swift */,
			);
			path = "Homework 5UITests";
			sourceTree = "<group>";
		};
/* End PBXGroup section */

/* Begin PBXNativeTarget section */
		C89A312829EEF09300EAAB70 /* Homework 5 */ = {
			isa = PBXNativeTarget;
			buildConfigurationList = C89A315329EEF09400EAAB70 /* Build configuration list for PBXNativeTarget "Homework 5" */;
			buildPhases = (
				C89A312529EEF09300EAAB70 /* Sources */,
				C89A312629EEF09300EAAB70 /* Frameworks */,
				C89A312729EEF09300EAAB70 /* Resources */,
			);
			buildRules = (
			);
			dependencies = (
			);
			name = "Homework 5";
			productName = "Homework 5";
			productReference = C89A312929EEF09300EAAB70 /* Homework 5.app */;
			productType = "com.apple.product-type.application";
		};
		C89A313E29EEF09400EAAB70 /* Homework 5Tests */ = {
			isa = PBXNativeTarget;
			buildConfigurationList = C89A315629EEF09400EAAB70 /* Build configuration list for PBXNativeTarget "Homework 5Tests" */;
			buildPhases = (
				C89A313B29EEF09400EAAB70 /* Sources */,
				C89A313C29EEF09400EAAB70 /* Frameworks */,
				C89A313D29EEF09400EAAB70 /* Resources */,
			);
			buildRules = (
			);
			dependencies = (
				C89A314129EEF09400EAAB70 /* PBXTargetDependency */,
			);
			name = "Homework 5Tests";
			productName = "Homework 5Tests";
			productReference = C89A313F29EEF09400EAAB70 /* Homework 5Tests.xctest */;
			productType = "com.apple.product-type.bundle.unit-test";
		};
		C89A314829EEF09400EAAB70 /* Homework 5UITests */ = {
			isa = PBXNativeTarget;
			buildConfigurationList = C89A315929EEF09400EAAB70 /* Build configuration list for PBXNativeTarget "Homework 5UITests" */;
			buildPhases = (
				C89A314529EEF09400EAAB70 /* Sources */,
				C89A314629EEF09400EAAB70 /* Frameworks */,
				C89A314729EEF09400EAAB70 /* Resources */,
			);
			buildRules = (
			);
			dependencies = (
				C89A314B29EEF09400EAAB70 /* PBXTargetDependency */,
			);
			name = "Homework 5UITests";
			productName = "Homework 5UITests";
			productReference = C89A314929EEF09400EAAB70 /* Homework 5UITests.xctest */;
			productType = "com.apple.product-type.bundle.ui-testing";
		};
/* End PBXNativeTarget section */

/* Begin PBXProject section */
		C89A312129EEF09300EAAB70 /* Project object */ = {
			isa = PBXProject;
			attributes = {
				BuildIndependentTargetsInParallel = 1;
				LastSwiftUpdateCheck = 1430;
				LastUpgradeCheck = 1430;
				TargetAttributes = {
					C89A312829EEF09300EAAB70 = {
						CreatedOnToolsVersion = 14.3;
					};
					C89A313E29EEF09400EAAB70 = {
						CreatedOnToolsVersion = 14.3;
						TestTargetID = C89A312829EEF09300EAAB70;
					};
					C89A314829EEF09400EAAB70 = {
						CreatedOnToolsVersion = 14.3;
						TestTargetID = C89A312829EEF09300EAAB70;
					};
				};
			};
			buildConfigurationList = C89A312429EEF09300EAAB70 /* Build configuration list for PBXProject "Homework 5" */;
			compatibilityVersion = "Xcode 14.0";
			developmentRegion = en;
			hasScannedForEncodings = 0;
			knownRegions = (
				en,
				Base,
			);
			mainGroup = C89A312029EEF09300EAAB70;
			productRefGroup = C89A312A29EEF09300EAAB70 /* Products */;
			projectDirPath = "";
			projectRoot = "";
			targets = (
				C89A312829EEF09300EAAB70 /* Homework 5 */,
				C89A313E29EEF09400EAAB70 /* Homework 5Tests */,
				C89A314829EEF09400EAAB70 /* Homework 5UITests */,
			);
		};
/* End PBXProject section */

/* Begin PBXResourcesBuildPhase section */
		C89A312729EEF09300EAAB70 /* Resources */ = {
			isa = PBXResourcesBuildPhase;
			buildActionMask = 2147483647;
			files = (
				C89A313929EEF09400EAAB70 /* LaunchScreen.storyboard in Resources */,
				C89A313629EEF09400EAAB70 /* Assets.xcassets in Resources */,
				C89A313429EEF09300EAAB70 /* Main.storyboard in Resources */,
			);
			runOnlyForDeploymentPostprocessing = 0;
		};
		C89A313D29EEF09400EAAB70 /* Resources */ = {
			isa = PBXResourcesBuildPhase;
			buildActionMask = 2147483647;
			files = (
			);
			runOnlyForDeploymentPostprocessing = 0;
		};
		C89A314729EEF09400EAAB70 /* Resources */ = {
			isa = PBXResourcesBuildPhase;
			buildActionMask = 2147483647;
			files = (
			);
			runOnlyForDeploymentPostprocessing = 0;
		};
/* End PBXResourcesBuildPhase section */

/* Begin PBXSourcesBuildPhase section */
		C89A312529EEF09300EAAB70 /* Sources */ = {
			isa = PBXSourcesBuildPhase;
			buildActionMask = 2147483647;
			files = (
				C89A313129EEF09300EAAB70 /* ViewController.swift in Sources */,
				C89A312D29EEF09300EAAB70 /* AppDelegate.swift in Sources */,
				C89A312F29EEF09300EAAB70 /* SceneDelegate.swift in Sources */,
			);
			runOnlyForDeploymentPostprocessing = 0;
		};
		C89A313B29EEF09400EAAB70 /* Sources */ = {
			isa = PBXSourcesBuildPhase;
			buildActionMask = 2147483647;
			files = (
				C89A314429EEF09400EAAB70 /* Homework_5Tests.swift in Sources */,
			);
			runOnlyForDeploymentPostprocessing = 0;
		};
		C89A314529EEF09400EAAB70 /* Sources */ = {
			isa = PBXSourcesBuildPhase;
			buildActionMask = 2147483647;
			files = (
				C89A315029EEF09400EAAB70 /* Homework_5UITestsLaunchTests.swift in Sources */,
				C89A314E29EEF09400EAAB70 /* Homework_5UITests.swift in Sources */,
			);
			runOnlyForDeploymentPostprocessing = 0;
		};
/* End PBXSourcesBuildPhase section */

/* Begin PBXTargetDependency section */
		C89A314129EEF09400EAAB70 /* PBXTargetDependency */ = {
			isa = PBXTargetDependency;
			target = C89A312829EEF09300EAAB70 /* Homework 5 */;
			targetProxy = C89A314029EEF09400EAAB70 /* PBXContainerItemProxy */;
		};
		C89A314B29EEF09400EAAB70 /* PBXTargetDependency */ = {
			isa = PBXTargetDependency;
			target = C89A312829EEF09300EAAB70 /* Homework 5 */;
			targetProxy = C89A314A29EEF09400EAAB70 /* PBXContainerItemProxy */;
		};
/* End PBXTargetDependency section */

/* Begin PBXVariantGroup section */
		C89A313229EEF09300EAAB70 /* Main.storyboard */ = {
			isa = PBXVariantGroup;
			children = (
				C89A313329EEF09300EAAB70 /* Base */,
			);
			name = Main.storyboard;
			sourceTree = "<group>";
		};
		C89A313729EEF09400EAAB70 /* LaunchScreen.storyboard */ = {
			isa = PBXVariantGroup;
			children = (
				C89A313829EEF09400EAAB70 /* Base */,
			);
			name = LaunchScreen.storyboard;
			sourceTree = "<group>";
		};
/* End PBXVariantGroup section */

/* Begin XCBuildConfiguration section */
		C89A315129EEF09400EAAB70 /* Debug */ = {
			isa = XCBuildConfiguration;
			buildSettings = {
				ALWAYS_SEARCH_USER_PATHS = NO;
				CLANG_ANALYZER_NONNULL = YES;
				CLANG_ANALYZER_NUMBER_OBJECT_CONVERSION = YES_AGGRESSIVE;
				CLANG_CXX_LANGUAGE_STANDARD = "gnu++20";
				CLANG_ENABLE_MODULES = YES;
				CLANG_ENABLE_OBJC_ARC = YES;
				CLANG_ENABLE_OBJC_WEAK = YES;
				CLANG_WARN_BLOCK_CAPTURE_AUTORELEASING = YES;
				CLANG_WARN_BOOL_CONVERSION = YES;
				CLANG_WARN_COMMA = YES;
				CLANG_WARN_CONSTANT_CONVERSION = YES;
				CLANG_WARN_DEPRECATED_OBJC_IMPLEMENTATIONS = YES;
				CLANG_WARN_DIRECT_OBJC_ISA_USAGE = YES_ERROR;
				CLANG_WARN_DOCUMENTATION_COMMENTS = YES;
				CLANG_WARN_EMPTY_BODY = YES;
				CLANG_WARN_ENUM_CONVERSION = YES;
				CLANG_WARN_INFINITE_RECURSION = YES;
				CLANG_WARN_INT_CONVERSION = YES;
				CLANG_WARN_NON_LITERAL_NULL_CONVERSION = YES;
				CLANG_WARN_OBJC_IMPLICIT_RETAIN_SELF = YES;
				CLANG_WARN_OBJC_LITERAL_CONVERSION = YES;
				CLANG_WARN_OBJC_ROOT_CLASS = YES_ERROR;
				CLANG_WARN_QUOTED_INCLUDE_IN_FRAMEWORK_HEADER = YES;
				CLANG_WARN_RANGE_LOOP_ANALYSIS = YES;
				CLANG_WARN_STRICT_PROTOTYPES = YES;
				CLANG_WARN_SUSPICIOUS_MOVE = YES;
				CLANG_WARN_UNGUARDED_AVAILABILITY = YES_AGGRESSIVE;
				CLANG_WARN_UNREACHABLE_CODE = YES;
				CLANG_WARN__DUPLICATE_METHOD_MATCH = YES;
				COPY_PHASE_STRIP = NO;
				DEBUG_INFORMATION_FORMAT = dwarf;
				ENABLE_STRICT_OBJC_MSGSEND = YES;
				ENABLE_TESTABILITY = YES;
				GCC_C_LANGUAGE_STANDARD = gnu11;
				GCC_DYNAMIC_NO_PIC = NO;
				GCC_NO_COMMON_BLOCKS = YES;
				GCC_OPTIMIZATION_LEVEL = 0;
				GCC_PREPROCESSOR_DEFINITIONS = (
					"DEBUG=1",
					"$(inherited)",
				);
				GCC_WARN_64_TO_32_BIT_CONVERSION = YES;
				GCC_WARN_ABOUT_RETURN_TYPE = YES_ERROR;
				GCC_WARN_UNDECLARED_SELECTOR = YES;
				GCC_WARN_UNINITIALIZED_AUTOS = YES_AGGRESSIVE;
				GCC_WARN_UNUSED_FUNCTION = YES;
				GCC_WARN_UNUSED_VARIABLE = YES;
				IPHONEOS_DEPLOYMENT_TARGET = 16.4;
				MTL_ENABLE_DEBUG_INFO = INCLUDE_SOURCE;
				MTL_FAST_MATH = YES;
				ONLY_ACTIVE_ARCH = YES;
				SDKROOT = iphoneos;
				SWIFT_ACTIVE_COMPILATION_CONDITIONS = DEBUG;
				SWIFT_OPTIMIZATION_LEVEL = "-Onone";
			};
			name = Debug;
		};
		C89A315229EEF09400EAAB70 /* Release */ = {
			isa = XCBuildConfiguration;
			buildSettings = {
				ALWAYS_SEARCH_USER_PATHS = NO;
				CLANG_ANALYZER_NONNULL = YES;
				CLANG_ANALYZER_NUMBER_OBJECT_CONVERSION = YES_AGGRESSIVE;
				CLANG_CXX_LANGUAGE_STANDARD = "gnu++20";
				CLANG_ENABLE_MODULES = YES;
				CLANG_ENABLE_OBJC_ARC = YES;
				CLANG_ENABLE_OBJC_WEAK = YES;
				CLANG_WARN_BLOCK_CAPTURE_AUTORELEASING = YES;
				CLANG_WARN_BOOL_CONVERSION = YES;
				CLANG_WARN_COMMA = YES;
				CLANG_WARN_CONSTANT_CONVERSION = YES;
				CLANG_WARN_DEPRECATED_OBJC_IMPLEMENTATIONS = YES;
				CLANG_WARN_DIRECT_OBJC_ISA_USAGE = YES_ERROR;
				CLANG_WARN_DOCUMENTATION_COMMENTS = YES;
				CLANG_WARN_EMPTY_BODY = YES;
				CLANG_WARN_ENUM_CONVERSION = YES;
				CLANG_WARN_INFINITE_RECURSION = YES;
				CLANG_WARN_INT_CONVERSION = YES;
				CLANG_WARN_NON_LITERAL_NULL_CONVERSION = YES;
				CLANG_WARN_OBJC_IMPLICIT_RETAIN_SELF = YES;
				CLANG_WARN_OBJC_LITERAL_CONVERSION = YES;
				CLANG_WARN_OBJC_ROOT_CLASS = YES_ERROR;
				CLANG_WARN_QUOTED_INCLUDE_IN_FRAMEWORK_HEADER = YES;
				CLANG_WARN_RANGE_LOOP_ANALYSIS = YES;
				CLANG_WARN_STRICT_PROTOTYPES = YES;
				CLANG_WARN_SUSPICIOUS_MOVE = YES;
				CLANG_WARN_UNGUARDED_AVAILABILITY = YES_AGGRESSIVE;
				CLANG_WARN_UNREACHABLE_CODE = YES;
				CLANG_WARN__DUPLICATE_METHOD_MATCH = YES;
				COPY_PHASE_STRIP = NO;
				DEBUG_INFORMATION_FORMAT = "dwarf-with-dsym";
				ENABLE_NS_ASSERTIONS = NO;
				ENABLE_STRICT_OBJC_MSGSEND = YES;
				GCC_C_LANGUAGE_STANDARD = gnu11;
				GCC_NO_COMMON_BLOCKS = YES;
				GCC_WARN_64_TO_32_BIT_CONVERSION = YES;
				GCC_WARN_ABOUT_RETURN_TYPE = YES_ERROR;
				GCC_WARN_UNDECLARED_SELECTOR = YES;
				GCC_WARN_UNINITIALIZED_AUTOS = YES_AGGRESSIVE;
				GCC_WARN_UNUSED_FUNCTION = YES;
				GCC_WARN_UNUSED_VARIABLE = YES;
				IPHONEOS_DEPLOYMENT_TARGET = 16.4;
				MTL_ENABLE_DEBUG_INFO = NO;
				MTL_FAST_MATH = YES;
				SDKROOT = iphoneos;
				SWIFT_COMPILATION_MODE = wholemodule;
				SWIFT_OPTIMIZATION_LEVEL = "-O";
				VALIDATE_PRODUCT = YES;
			};
			name = Release;
		};
		C89A315429EEF09400EAAB70 /* Debug */ = {
			isa = XCBuildConfiguration;
			buildSettings = {
				ASSETCATALOG_COMPILER_APPICON_NAME = AppIcon;
				ASSETCATALOG_COMPILER_GLOBAL_ACCENT_COLOR_NAME = AccentColor;
				CODE_SIGN_STYLE = Automatic;
				CURRENT_PROJECT_VERSION = 1;
				GENERATE_INFOPLIST_FILE = YES;
				INFOPLIST_FILE = "Homework 5/Info.plist";
				INFOPLIST_KEY_UIApplicationSupportsIndirectInputEvents = YES;
				INFOPLIST_KEY_UILaunchStoryboardName = LaunchScreen;
				INFOPLIST_KEY_UIMainStoryboardFile = Main;
				INFOPLIST_KEY_UISupportedInterfaceOrientations_iPad = "UIInterfaceOrientationPortrait UIInterfaceOrientationPortraitUpsideDown UIInterfaceOrientationLandscapeLeft UIInterfaceOrientationLandscapeRight";
				INFOPLIST_KEY_UISupportedInterfaceOrientations_iPhone = "UIInterfaceOrientationPortrait UIInterfaceOrientationLandscapeLeft UIInterfaceOrientationLandscapeRight";
				LD_RUNPATH_SEARCH_PATHS = (
					"$(inherited)",
					"@executable_path/Frameworks",
				);
				MARKETING_VERSION = 1.0;
				PRODUCT_BUNDLE_IDENTIFIER = "Homework-5.Homework-5";
				PRODUCT_NAME = "$(TARGET_NAME)";
				SWIFT_EMIT_LOC_STRINGS = YES;
				SWIFT_VERSION = 5.0;
				TARGETED_DEVICE_FAMILY = "1,2";
			};
			name = Debug;
		};
		C89A315529EEF09400EAAB70 /* Release */ = {
			isa = XCBuildConfiguration;
			buildSettings = {
				ASSETCATALOG_COMPILER_APPICON_NAME = AppIcon;
				ASSETCATALOG_COMPILER_GLOBAL_ACCENT_COLOR_NAME = AccentColor;
				CODE_SIGN_STYLE = Automatic;
				CURRENT_PROJECT_VERSION = 1;
				GENERATE_INFOPLIST_FILE = YES;
				INFOPLIST_FILE = "Homework 5/Info.plist";
				INFOPLIST_KEY_UIApplicationSupportsIndirectInputEvents = YES;
				INFOPLIST_KEY_UILaunchStoryboardName = LaunchScreen;
				INFOPLIST_KEY_UIMainStoryboardFile = Main;
				INFOPLIST_KEY_UISupportedInterfaceOrientations_iPad = "UIInterfaceOrientationPortrait UIInterfaceOrientationPortraitUpsideDown UIInterfaceOrientationLandscapeLeft UIInterfaceOrientationLandscapeRight";
				INFOPLIST_KEY_UISupportedInterfaceOrientations_iPhone = "UIInterfaceOrientationPortrait UIInterfaceOrientationLandscapeLeft UIInterfaceOrientationLandscapeRight";
				LD_RUNPATH_SEARCH_PATHS = (
					"$(inherited)",
					"@executable_path/Frameworks",
				);
				MARKETING_VERSION = 1.0;
				PRODUCT_BUNDLE_IDENTIFIER = "Homework-5.Homework-5";
				PRODUCT_NAME = "$(TARGET_NAME)";
				SWIFT_EMIT_LOC_STRINGS = YES;
				SWIFT_VERSION = 5.0;
				TARGETED_DEVICE_FAMILY = "1,2";
			};
			name = Release;
		};
		C89A315729EEF09400EAAB70 /* Debug */ = {
			isa = XCBuildConfiguration;
			buildSettings = {
				ALWAYS_EMBED_SWIFT_STANDARD_LIBRARIES = YES;
				BUNDLE_LOADER = "$(TEST_HOST)";
				CODE_SIGN_STYLE = Automatic;
				CURRENT_PROJECT_VERSION = 1;
				GENERATE_INFOPLIST_FILE = YES;
				IPHONEOS_DEPLOYMENT_TARGET = 16.4;
				MARKETING_VERSION = 1.0;
				PRODUCT_BUNDLE_IDENTIFIER = "Homework-5.Homework-5Tests";
				PRODUCT_NAME = "$(TARGET_NAME)";
				SWIFT_EMIT_LOC_STRINGS = NO;
				SWIFT_VERSION = 5.0;
				TARGETED_DEVICE_FAMILY = "1,2";
				TEST_HOST = "$(BUILT_PRODUCTS_DIR)/Homework 5.app/$(BUNDLE_EXECUTABLE_FOLDER_PATH)/Homework 5";
			};
			name = Debug;
		};
		C89A315829EEF09400EAAB70 /* Release */ = {
			isa = XCBuildConfiguration;
			buildSettings = {
				ALWAYS_EMBED_SWIFT_STANDARD_LIBRARIES = YES;
				BUNDLE_LOADER = "$(TEST_HOST)";
				CODE_SIGN_STYLE = Automatic;
				CURRENT_PROJECT_VERSION = 1;
				GENERATE_INFOPLIST_FILE = YES;
				IPHONEOS_DEPLOYMENT_TARGET = 16.4;
				MARKETING_VERSION = 1.0;
				PRODUCT_BUNDLE_IDENTIFIER = "Homework-5.Homework-5Tests";
				PRODUCT_NAME = "$(TARGET_NAME)";
				SWIFT_EMIT_LOC_STRINGS = NO;
				SWIFT_VERSION = 5.0;
				TARGETED_DEVICE_FAMILY = "1,2";
				TEST_HOST = "$(BUILT_PRODUCTS_DIR)/Homework 5.app/$(BUNDLE_EXECUTABLE_FOLDER_PATH)/Homework 5";
			};
			name = Release;
		};
		C89A315A29EEF09400EAAB70 /* Debug */ = {
			isa = XCBuildConfiguration;
			buildSettings = {
				ALWAYS_EMBED_SWIFT_STANDARD_LIBRARIES = YES;
				CODE_SIGN_STYLE = Automatic;
				CURRENT_PROJECT_VERSION = 1;
				GENERATE_INFOPLIST_FILE = YES;
				MARKETING_VERSION = 1.0;
				PRODUCT_BUNDLE_IDENTIFIER = "Homework-5.Homework-5UITests";
				PRODUCT_NAME = "$(TARGET_NAME)";
				SWIFT_EMIT_LOC_STRINGS = NO;
				SWIFT_VERSION = 5.0;
				TARGETED_DEVICE_FAMILY = "1,2";
				TEST_TARGET_NAME = "Homework 5";
			};
			name = Debug;
		};
		C89A315B29EEF09400EAAB70 /* Release */ = {
			isa = XCBuildConfiguration;
			buildSettings = {
				ALWAYS_EMBED_SWIFT_STANDARD_LIBRARIES = YES;
				CODE_SIGN_STYLE = Automatic;
				CURRENT_PROJECT_VERSION = 1;
				GENERATE_INFOPLIST_FILE = YES;
				MARKETING_VERSION = 1.0;
				PRODUCT_BUNDLE_IDENTIFIER = "Homework-5.Homework-5UITests";
				PRODUCT_NAME = "$(TARGET_NAME)";
				SWIFT_EMIT_LOC_STRINGS = NO;
				SWIFT_VERSION = 5.0;
				TARGETED_DEVICE_FAMILY = "1,2";
				TEST_TARGET_NAME = "Homework 5";
			};
			name = Release;
		};
/* End XCBuildConfiguration section */

/* Begin XCConfigurationList section */
		C89A312429EEF09300EAAB70 /* Build configuration list for PBXProject "Homework 5" */ = {
			isa = XCConfigurationList;
			buildConfigurations = (
				C89A315129EEF09400EAAB70 /* Debug */,
				C89A315229EEF09400EAAB70 /* Release */,
			);
			defaultConfigurationIsVisible = 0;
			defaultConfigurationName = Release;
		};
		C89A315329EEF09400EAAB70 /* Build configuration list for PBXNativeTarget "Homework 5" */ = {
			isa = XCConfigurationList;
			buildConfigurations = (
				C89A315429EEF09400EAAB70 /* Debug */,
				C89A315529EEF09400EAAB70 /* Release */,
			);
			defaultConfigurationIsVisible = 0;
			defaultConfigurationName = Release;
		};
		C89A315629EEF09400EAAB70 /* Build configuration list for PBXNativeTarget "Homework 5Tests" */ = {
			isa = XCConfigurationList;
			buildConfigurations = (
				C89A315729EEF09400EAAB70 /* Debug */,
				C89A315829EEF09400EAAB70 /* Release */,
			);
			defaultConfigurationIsVisible = 0;
			defaultConfigurationName = Release;
		};
		C89A315929EEF09400EAAB70 /* Build configuration list for PBXNativeTarget "Homework 5UITests" */ = {
			isa = XCConfigurationList;
			buildConfigurations = (
				C89A315A29EEF09400EAAB70 /* Debug */,
				C89A315B29EEF09400EAAB70 /* Release */,
			);
			defaultConfigurationIsVisible = 0;
			defaultConfigurationName = Release;
		};
/* End XCConfigurationList section */
	};
	rootObject = C89A312129EEF09300EAAB70 /* Project object */;
}
